{
  "version": 4,
  "terraform_version": "1.4.2",
  "serial": 596,
  "lineage": "373a4187-a640-699d-86dd-072275a37413",
  "outputs": {},
  "resources": [
    {
      "module": "module.ec2",
      "mode": "data",
      "type": "terraform_remote_state",
      "name": "rds",
      "provider": "provider[\"terraform.io/builtin/terraform\"]",
      "instances": [
        {
          "schema_version": 0,
          "attributes": {
            "backend": "local",
            "config": {
              "value": {
                "path": "../../../Enviorments/staging/rds/state.tfstate"
              },
              "type": [
                "object",
                {
                  "path": "string"
                }
              ]
            },
            "defaults": null,
            "outputs": {
              "value": {
                "aws_db_password": "MarsRover9899",
                "database_endpoint": "example-rds-instance.c7k6zus1cn0g.us-east-1.rds.amazonaws.com:5432",
                "rds_username": "postgres"
              },
              "type": [
                "object",
                {
                  "aws_db_password": "string",
                  "database_endpoint": "string",
                  "rds_username": "string"
                }
              ]
            },
            "workspace": null
          },
          "sensitive_attributes": []
        }
      ]
    },
    {
      "module": "module.ec2",
      "mode": "data",
      "type": "terraform_remote_state",
      "name": "security",
      "provider": "provider[\"terraform.io/builtin/terraform\"]",
      "instances": [
        {
          "schema_version": 0,
          "attributes": {
            "backend": "local",
            "config": {
              "value": {
                "path": "../../../Enviorments/staging/security/state.tfstate"
              },
              "type": [
                "object",
                {
                  "path": "string"
                }
              ]
            },
            "defaults": null,
            "outputs": {
              "value": {
                "aws_db_subnet_group_name": "example-db-subnet-group",
                "aws_security_group_id": "sg-00732dce63f9fb76b",
                "aws_subnet_id": "subnet-09aee652c1eff84ea"
              },
              "type": [
                "object",
                {
                  "aws_db_subnet_group_name": "string",
                  "aws_security_group_id": "string",
                  "aws_subnet_id": "string"
                }
              ]
            },
            "workspace": null
          },
          "sensitive_attributes": []
        }
      ]
    },
    {
      "module": "module.ec2",
      "mode": "managed",
      "type": "aws_eip",
      "name": "example",
      "provider": "provider[\"registry.terraform.io/hashicorp/aws\"]",
      "instances": [
        {
          "schema_version": 0,
          "attributes": {
            "address": null,
            "allocation_id": "eipalloc-0624d629646b9d54d",
            "associate_with_private_ip": null,
            "association_id": "eipassoc-07aab95796759370b",
            "carrier_ip": "",
            "customer_owned_ip": "",
            "customer_owned_ipv4_pool": "",
            "domain": "vpc",
            "id": "eipalloc-0624d629646b9d54d",
            "instance": "i-0f4dcd47ca4e1a213",
            "network_border_group": "us-east-1",
            "network_interface": "eni-00e88e0c8d4f94317",
            "private_dns": "ip-10-0-1-59.ec2.internal",
            "private_ip": "10.0.1.59",
            "public_dns": "ec2-54-162-63-119.compute-1.amazonaws.com",
            "public_ip": "54.162.63.119",
            "public_ipv4_pool": "amazon",
            "tags": null,
            "tags_all": {},
            "timeouts": null,
            "vpc": true
          },
          "sensitive_attributes": [],
          "private": "eyJlMmJmYjczMC1lY2FhLTExZTYtOGY4OC0zNDM2M2JjN2M0YzAiOnsiZGVsZXRlIjoxODAwMDAwMDAwMDAsInJlYWQiOjkwMDAwMDAwMDAwMCwidXBkYXRlIjozMDAwMDAwMDAwMDB9fQ==",
          "dependencies": [
            "module.ec2.aws_instance.example",
            "module.ec2.aws_key_pair.streaky12062001",
            "module.ec2.data.terraform_remote_state.rds",
            "module.ec2.data.terraform_remote_state.security",
            "module.ec2.tls_private_key.example"
          ]
        }
      ]
    },
    {
      "module": "module.ec2",
      "mode": "managed",
      "type": "aws_eip_association",
      "name": "example",
      "provider": "provider[\"registry.terraform.io/hashicorp/aws\"]",
      "instances": [
        {
          "schema_version": 0,
          "attributes": {
            "allocation_id": "eipalloc-0624d629646b9d54d",
            "allow_reassociation": null,
            "id": "eipassoc-07aab95796759370b",
            "instance_id": "i-0f4dcd47ca4e1a213",
            "network_interface_id": "eni-00e88e0c8d4f94317",
            "private_ip_address": "10.0.1.59",
            "public_ip": "54.162.63.119"
          },
          "sensitive_attributes": [],
          "private": "bnVsbA==",
          "dependencies": [
            "module.ec2.aws_eip.example",
            "module.ec2.aws_instance.example",
            "module.ec2.aws_key_pair.streaky12062001",
            "module.ec2.data.terraform_remote_state.rds",
            "module.ec2.data.terraform_remote_state.security",
            "module.ec2.tls_private_key.example"
          ]
        }
      ]
    },
    {
      "module": "module.ec2",
      "mode": "managed",
      "type": "aws_instance",
      "name": "example",
      "provider": "provider[\"registry.terraform.io/hashicorp/aws\"]",
      "instances": [
        {
          "schema_version": 1,
          "attributes": {
            "ami": "ami-007855ac798b5175e",
            "arn": "arn:aws:ec2:us-east-1:146025507031:instance/i-0f4dcd47ca4e1a213",
            "associate_public_ip_address": true,
            "availability_zone": "us-east-1a",
            "capacity_reservation_specification": [
              {
                "capacity_reservation_preference": "open",
                "capacity_reservation_target": []
              }
            ],
            "cpu_core_count": 2,
            "cpu_options": [
              {
                "amd_sev_snp": "",
                "core_count": 2,
                "threads_per_core": 1
              }
            ],
            "cpu_threads_per_core": 1,
            "credit_specification": [
              {
                "cpu_credits": "standard"
              }
            ],
            "disable_api_stop": false,
            "disable_api_termination": false,
            "ebs_block_device": [
              {
                "delete_on_termination": true,
                "device_name": "/dev/sdf",
                "encrypted": false,
                "iops": 100,
                "kms_key_id": "",
                "snapshot_id": "",
                "tags": {},
                "throughput": 0,
                "volume_id": "vol-0cb5ca05b7d8f55d8",
                "volume_size": 20,
                "volume_type": "gp2"
              }
            ],
            "ebs_optimized": false,
            "enclave_options": [
              {
                "enabled": false
              }
            ],
            "ephemeral_block_device": [],
            "get_password_data": false,
            "hibernation": false,
            "host_id": "",
            "host_resource_group_arn": null,
            "iam_instance_profile": "",
            "id": "i-0f4dcd47ca4e1a213",
            "instance_initiated_shutdown_behavior": "stop",
            "instance_state": "running",
            "instance_type": "t2.medium",
            "ipv6_address_count": 0,
            "ipv6_addresses": [],
            "key_name": "streaky11122",
            "launch_template": [],
            "maintenance_options": [
              {
                "auto_recovery": "default"
              }
            ],
            "metadata_options": [
              {
                "http_endpoint": "enabled",
                "http_put_response_hop_limit": 1,
                "http_tokens": "optional",
                "instance_metadata_tags": "disabled"
              }
            ],
            "monitoring": false,
            "network_interface": [],
            "outpost_arn": "",
            "password_data": "",
            "placement_group": "",
            "placement_partition_number": 0,
            "primary_network_interface_id": "eni-00e88e0c8d4f94317",
            "private_dns": "ip-10-0-1-59.ec2.internal",
            "private_dns_name_options": [
              {
                "enable_resource_name_dns_a_record": false,
                "enable_resource_name_dns_aaaa_record": false,
                "hostname_type": "ip-name"
              }
            ],
            "private_ip": "10.0.1.59",
            "public_dns": "ec2-3-88-37-17.compute-1.amazonaws.com",
            "public_ip": "3.88.37.17",
            "root_block_device": [
              {
                "delete_on_termination": true,
                "device_name": "/dev/sda1",
                "encrypted": false,
                "iops": 100,
                "kms_key_id": "",
                "tags": {},
                "throughput": 0,
                "volume_id": "vol-0b37b1c1b86cdbaf1",
                "volume_size": 8,
                "volume_type": "gp2"
              }
            ],
            "secondary_private_ips": [],
            "security_groups": [],
            "source_dest_check": true,
            "subnet_id": "subnet-09aee652c1eff84ea",
            "tags": {
              "Name": "example-instance"
            },
            "tags_all": {
              "Name": "example-instance"
            },
            "tenancy": "default",
            "timeouts": null,
            "user_data": null,
            "user_data_base64": null,
            "user_data_replace_on_change": false,
            "volume_tags": null,
            "vpc_security_group_ids": [
              "sg-00732dce63f9fb76b"
            ]
          },
          "sensitive_attributes": [],
          "private": "eyJlMmJmYjczMC1lY2FhLTExZTYtOGY4OC0zNDM2M2JjN2M0YzAiOnsiY3JlYXRlIjo2MDAwMDAwMDAwMDAsImRlbGV0ZSI6MTIwMDAwMDAwMDAwMCwidXBkYXRlIjo2MDAwMDAwMDAwMDB9LCJzY2hlbWFfdmVyc2lvbiI6IjEifQ==",
          "dependencies": [
            "module.ec2.aws_key_pair.streaky12062001",
            "module.ec2.data.terraform_remote_state.rds",
            "module.ec2.data.terraform_remote_state.security",
            "module.ec2.tls_private_key.example"
          ]
        }
      ]
    },
    {
      "module": "module.ec2",
      "mode": "managed",
      "type": "aws_key_pair",
      "name": "streaky12062001",
      "provider": "provider[\"registry.terraform.io/hashicorp/aws\"]",
      "instances": [
        {
          "schema_version": 1,
          "attributes": {
            "arn": "arn:aws:ec2:us-east-1:146025507031:key-pair/streaky11122",
            "fingerprint": "35:1c:50:86:6e:98:e2:5b:ea:f8:66:04:d7:26:aa:90",
            "id": "streaky11122",
            "key_name": "streaky11122",
            "key_name_prefix": "",
            "key_pair_id": "key-0d62eee3cc559f954",
            "key_type": "rsa",
            "public_key": "ssh-rsa AAAAB3NzaC1yc2EAAAADAQABAAABAQDQNakMkqN+mcdshu7fr9emQ2cRdKctQJgDbJLfZ4edjPM8GODjDTWiRCmrbTGXktl36TxBfHBb9zlFgZ5cUdp6ccr7fS1l2VFUuALDtMlZWTytlhry9ZbIatsX4dWdSmQLH4GrNpnbxRqTB7n9zaE55HD98vjRAyAxMMiPq4YDmU/3kiAw3F6DLecn985eGzdH2eS6W/N3o5/YlFBlQN7Mq5hXXS3X3Jy93Iv6LKEH0S13gMxj2QXwOm7yF7L7xvAK+SCXfEEalFIIxT3y/W/BwPgTWMcGaOtfb00PG+nCOqUDkfCqVy2ZvjuQaFmXWlUivrKchS3xQxSVk3SWebrV",
            "tags": null,
            "tags_all": {}
          },
          "sensitive_attributes": [],
          "private": "eyJzY2hlbWFfdmVyc2lvbiI6IjEifQ==",
          "dependencies": [
            "module.ec2.tls_private_key.example"
          ]
        }
      ]
    },
    {
      "module": "module.ec2",
      "mode": "managed",
      "type": "tls_private_key",
      "name": "example",
      "provider": "provider[\"registry.terraform.io/hashicorp/tls\"]",
      "instances": [
        {
          "schema_version": 1,
          "attributes": {
            "algorithm": "RSA",
            "ecdsa_curve": "P224",
            "id": "0ab787ca4fc59bdd1a565e980b5828abc81dc3aa",
            "private_key_openssh": "-----BEGIN OPENSSH PRIVATE KEY-----\nb3BlbnNzaC1rZXktdjEAAAAABG5vbmUAAAAEbm9uZQAAAAAAAAABAAABFwAAAAdz\nc2gtcnNhAAAAAwEAAQAAAQEA0DWpDJKjfpnHbIbu36/XpkNnEXSnLUCYA2yS32eH\nnYzzPBjg4w01okQpq20xl5LZd+k8QXxwW/c5RYGeXFHaenHK+30tZdlRVLgCw7TJ\nWVk8rZYa8vWWyGrbF+HVnUpkCx+BqzaZ28Uakwe5/c2hOeRw/fL40QMgMTDIj6uG\nA5lP95IgMNxegy3nJ/fOXhs3R9nkulvzd6Of2JRQZUDezKuYV10t19ycvdyL+iyh\nB9Etd4DMY9kF8Dpu8hey+8bwCvkgl3xBGpRSCMU98v1vwcD4E1jHBmjrX29NDxvp\nwjqlA5Hwqlctmb47kGhZl1pVIr6ynIUt8UMUlZN0lnm61QAAA7ijXRxqo10cagAA\nAAdzc2gtcnNhAAABAQDQNakMkqN+mcdshu7fr9emQ2cRdKctQJgDbJLfZ4edjPM8\nGODjDTWiRCmrbTGXktl36TxBfHBb9zlFgZ5cUdp6ccr7fS1l2VFUuALDtMlZWTyt\nlhry9ZbIatsX4dWdSmQLH4GrNpnbxRqTB7n9zaE55HD98vjRAyAxMMiPq4YDmU/3\nkiAw3F6DLecn985eGzdH2eS6W/N3o5/YlFBlQN7Mq5hXXS3X3Jy93Iv6LKEH0S13\ngMxj2QXwOm7yF7L7xvAK+SCXfEEalFIIxT3y/W/BwPgTWMcGaOtfb00PG+nCOqUD\nkfCqVy2ZvjuQaFmXWlUivrKchS3xQxSVk3SWebrVAAAAAwEAAQAAAQBs1J+YQs3S\nzu6+e4lAwtklvvWQ2jjIHotWvtnGjIcGgzZgo2BpTe5K8vYU9O6HG+swEmm8kR7p\n8z+sZSQxfVeFyRUgfz3LjtxEPCq1wTm9yjc9RMixVk2KVNBQm2rc3JWOetl8dP3X\nMh/B2rgNQf6UFCQ7mVUVa1zYWXd8IVvbZMVwYDYkDL4oXZ/eZhs4pwvgE2Kj67f8\namIoUgYJ1Ss7UyjcrjhEDyD0kIVayFwbM00FLJhIjw8D8Ikjx2NvcbekLcl2gO4/\n7apwXNgDddBS22fJHlfVAQbDqMySwSWV1I4/TmcXWQL4m5ykg2HfhlnVcckkN/rN\nwJBH4m34pRnBAAAAgQCQdc6lI4t6OIX89hdA+mar1MHFof2Ixkc/C2DFLBybab1/\n6Ua6aH3Trh/cd69iNTedeY174JS2hbKGWwvVbHOYKiIxbDCGV4zp54DvWGbxsk6z\nUlCmz++LP8B1MAYnzZiRqyVnwjJ6TLRJIYCud6oeKSMbK//eu7xwSZU/LRP/ZwAA\nAIEA+/j2+DvWJD7wrp9P5ZYFJZwU+umha9lfeC8d6sc7RsxVfK64/fDG4ZBeEslX\n7pilBPoHnVpYDVA6NR+JFPRoro0x33TtKgDVvdyFvkScn8CwnqIdSYEFWVwSJYBY\nYSUB4YMSp8UQf4gGDdVwMtOI2PIDLod6q2IrTP2xCzrV2PcAAACBANOJn8VHoDe3\np++Bjn0O2tkPnayKbv3umYnttLSQi9VWUcWwXEnVGBXIzgh4lxEbekuzNUlsdABB\nTffoMgQXO4cJg/Q4H519vFlb5vRCisDfnbi0vmmlue6GiSeXRTSBDAOQEP49o0UT\nC5l2Vfdkss4gn4wMbHID8pul2piBZsOTAAAAAAEC\n-----END OPENSSH PRIVATE KEY-----\n",
            "private_key_pem": "-----BEGIN RSA PRIVATE KEY-----\nMIIEpAIBAAKCAQEA0DWpDJKjfpnHbIbu36/XpkNnEXSnLUCYA2yS32eHnYzzPBjg\n4w01okQpq20xl5LZd+k8QXxwW/c5RYGeXFHaenHK+30tZdlRVLgCw7TJWVk8rZYa\n8vWWyGrbF+HVnUpkCx+BqzaZ28Uakwe5/c2hOeRw/fL40QMgMTDIj6uGA5lP95Ig\nMNxegy3nJ/fOXhs3R9nkulvzd6Of2JRQZUDezKuYV10t19ycvdyL+iyhB9Etd4DM\nY9kF8Dpu8hey+8bwCvkgl3xBGpRSCMU98v1vwcD4E1jHBmjrX29NDxvpwjqlA5Hw\nqlctmb47kGhZl1pVIr6ynIUt8UMUlZN0lnm61QIDAQABAoIBAGzUn5hCzdLO7r57\niUDC2SW+9ZDaOMgei1a+2caMhwaDNmCjYGlN7kry9hT07ocb6zASabyRHunzP6xl\nJDF9V4XJFSB/PcuO3EQ8KrXBOb3KNz1EyLFWTYpU0FCbatzclY562Xx0/dcyH8Ha\nuA1B/pQUJDuZVRVrXNhZd3whW9tkxXBgNiQMvihdn95mGzinC+ATYqPrt/xqYihS\nBgnVKztTKNyuOEQPIPSQhVrIXBszTQUsmEiPDwPwiSPHY29xt6QtyXaA7j/tqnBc\n2AN10FLbZ8keV9UBBsOozJLBJZXUjj9OZxdZAvibnKSDYd+GWdVxySQ3+s3AkEfi\nbfilGcECgYEA+/j2+DvWJD7wrp9P5ZYFJZwU+umha9lfeC8d6sc7RsxVfK64/fDG\n4ZBeEslX7pilBPoHnVpYDVA6NR+JFPRoro0x33TtKgDVvdyFvkScn8CwnqIdSYEF\nWVwSJYBYYSUB4YMSp8UQf4gGDdVwMtOI2PIDLod6q2IrTP2xCzrV2PcCgYEA04mf\nxUegN7en74GOfQ7a2Q+drIpu/e6Zie20tJCL1VZRxbBcSdUYFcjOCHiXERt6S7M1\nSWx0AEFN9+gyBBc7hwmD9DgfnX28WVvm9EKKwN+duLS+aaW57oaJJ5dFNIEMA5AQ\n/j2jRRMLmXZV92SyziCfjAxscgPym6XamIFmw5MCgYEA6j2XcktGFuoAG4X044zk\negMwqdWZf8ZTb0n1+PV/0KBSdJeFWGWGrdjk63gL674x4n+BprF/G9lSU2JesIFJ\n88NE8uQjOiIOkfM4zhnAtO6QAtjYeyWbUGg8Ymp/PsgFiJyuMhML9FMCtcePB2EJ\nXg0WEiJWUo7vjCJnfPYUKR8CgYAowPDo/v2c/mL6P4mGCmCbROjpntn3TgqCiisw\nRlDKTxD99xYwmz9Coycedq0T/Kk5AFOZy60lh29P/Yn1Q8ySHYEwgceFff3VcWEz\nWcaFlg860IeGrwj9LSorWHdawCniXdUIRjO4UQ0BCc1SFjJkh+B1CMezx5Lr7a4J\nh5SWxQKBgQCQdc6lI4t6OIX89hdA+mar1MHFof2Ixkc/C2DFLBybab1/6Ua6aH3T\nrh/cd69iNTedeY174JS2hbKGWwvVbHOYKiIxbDCGV4zp54DvWGbxsk6zUlCmz++L\nP8B1MAYnzZiRqyVnwjJ6TLRJIYCud6oeKSMbK//eu7xwSZU/LRP/Zw==\n-----END RSA PRIVATE KEY-----\n",
            "private_key_pem_pkcs8": "-----BEGIN PRIVATE KEY-----\nMIIEvgIBADANBgkqhkiG9w0BAQEFAASCBKgwggSkAgEAAoIBAQDQNakMkqN+mcds\nhu7fr9emQ2cRdKctQJgDbJLfZ4edjPM8GODjDTWiRCmrbTGXktl36TxBfHBb9zlF\ngZ5cUdp6ccr7fS1l2VFUuALDtMlZWTytlhry9ZbIatsX4dWdSmQLH4GrNpnbxRqT\nB7n9zaE55HD98vjRAyAxMMiPq4YDmU/3kiAw3F6DLecn985eGzdH2eS6W/N3o5/Y\nlFBlQN7Mq5hXXS3X3Jy93Iv6LKEH0S13gMxj2QXwOm7yF7L7xvAK+SCXfEEalFII\nxT3y/W/BwPgTWMcGaOtfb00PG+nCOqUDkfCqVy2ZvjuQaFmXWlUivrKchS3xQxSV\nk3SWebrVAgMBAAECggEAbNSfmELN0s7uvnuJQMLZJb71kNo4yB6LVr7ZxoyHBoM2\nYKNgaU3uSvL2FPTuhxvrMBJpvJEe6fM/rGUkMX1XhckVIH89y47cRDwqtcE5vco3\nPUTIsVZNilTQUJtq3NyVjnrZfHT91zIfwdq4DUH+lBQkO5lVFWtc2Fl3fCFb22TF\ncGA2JAy+KF2f3mYbOKcL4BNio+u3/GpiKFIGCdUrO1Mo3K44RA8g9JCFWshcGzNN\nBSyYSI8PA/CJI8djb3G3pC3JdoDuP+2qcFzYA3XQUttnyR5X1QEGw6jMksElldSO\nP05nF1kC+JucpINh34ZZ1XHJJDf6zcCQR+Jt+KUZwQKBgQD7+Pb4O9YkPvCun0/l\nlgUlnBT66aFr2V94Lx3qxztGzFV8rrj98MbhkF4SyVfumKUE+gedWlgNUDo1H4kU\n9GiujTHfdO0qANW93IW+RJyfwLCeoh1JgQVZXBIlgFhhJQHhgxKnxRB/iAYN1XAy\n04jY8gMuh3qrYitM/bELOtXY9wKBgQDTiZ/FR6A3t6fvgY59DtrZD52sim797pmJ\n7bS0kIvVVlHFsFxJ1RgVyM4IeJcRG3pLszVJbHQAQU336DIEFzuHCYP0OB+dfbxZ\nW+b0QorA3524tL5ppbnuhoknl0U0gQwDkBD+PaNFEwuZdlX3ZLLOIJ+MDGxyA/Kb\npdqYgWbDkwKBgQDqPZdyS0YW6gAbhfTjjOR6AzCp1Zl/xlNvSfX49X/QoFJ0l4VY\nZYat2OTreAvrvjHif4GmsX8b2VJTYl6wgUnzw0Ty5CM6Ig6R8zjOGcC07pAC2Nh7\nJZtQaDxian8+yAWInK4yEwv0UwK1x48HYQleDRYSIlZSju+MImd89hQpHwKBgCjA\n8Oj+/Zz+Yvo/iYYKYJtE6Ome2fdOCoKKKzBGUMpPEP33FjCbP0KjJx52rRP8qTkA\nU5nLrSWHb0/9ifVDzJIdgTCBx4V9/dVxYTNZxoWWDzrQh4avCP0tKitYd1rAKeJd\n1QhGM7hRDQEJzVIWMmSH4HUIx7PHkuvtrgmHlJbFAoGBAJB1zqUji3o4hfz2F0D6\nZqvUwcWh/YjGRz8LYMUsHJtpvX/pRrpofdOuH9x3r2I1N515jXvglLaFsoZbC9Vs\nc5gqIjFsMIZXjOnngO9YZvGyTrNSUKbP74s/wHUwBifNmJGrJWfCMnpMtEkhgK53\nqh4pIxsr/967vHBJlT8tE/9n\n-----END PRIVATE KEY-----\n",
            "public_key_fingerprint_md5": "e0:96:f9:f7:0b:ea:eb:cb:89:8f:c7:f7:e5:1e:3e:ae",
            "public_key_fingerprint_sha256": "SHA256:PHAhp/kx8bh06N3XRWZtvN4Ay9xY8xI1SBsyzc9axss",
            "public_key_openssh": "ssh-rsa AAAAB3NzaC1yc2EAAAADAQABAAABAQDQNakMkqN+mcdshu7fr9emQ2cRdKctQJgDbJLfZ4edjPM8GODjDTWiRCmrbTGXktl36TxBfHBb9zlFgZ5cUdp6ccr7fS1l2VFUuALDtMlZWTytlhry9ZbIatsX4dWdSmQLH4GrNpnbxRqTB7n9zaE55HD98vjRAyAxMMiPq4YDmU/3kiAw3F6DLecn985eGzdH2eS6W/N3o5/YlFBlQN7Mq5hXXS3X3Jy93Iv6LKEH0S13gMxj2QXwOm7yF7L7xvAK+SCXfEEalFIIxT3y/W/BwPgTWMcGaOtfb00PG+nCOqUDkfCqVy2ZvjuQaFmXWlUivrKchS3xQxSVk3SWebrV\n",
            "public_key_pem": "-----BEGIN PUBLIC KEY-----\nMIIBIjANBgkqhkiG9w0BAQEFAAOCAQ8AMIIBCgKCAQEA0DWpDJKjfpnHbIbu36/X\npkNnEXSnLUCYA2yS32eHnYzzPBjg4w01okQpq20xl5LZd+k8QXxwW/c5RYGeXFHa\nenHK+30tZdlRVLgCw7TJWVk8rZYa8vWWyGrbF+HVnUpkCx+BqzaZ28Uakwe5/c2h\nOeRw/fL40QMgMTDIj6uGA5lP95IgMNxegy3nJ/fOXhs3R9nkulvzd6Of2JRQZUDe\nzKuYV10t19ycvdyL+iyhB9Etd4DMY9kF8Dpu8hey+8bwCvkgl3xBGpRSCMU98v1v\nwcD4E1jHBmjrX29NDxvpwjqlA5Hwqlctmb47kGhZl1pVIr6ynIUt8UMUlZN0lnm6\n1QIDAQAB\n-----END PUBLIC KEY-----\n",
            "rsa_bits": 2048
          },
          "sensitive_attributes": []
        }
      ]
    }
  ],
  "check_results": null
}
