{
  "version": 4,
  "terraform_version": "1.4.2",
  "serial": 499,
  "lineage": "373a4187-a640-699d-86dd-072275a37413",
  "outputs": {
    "aws_instance_id": {
      "value": "i-014a417e7d4d157c3",
      "type": "string",
      "sensitive": true
    },
    "public_ip": {
      "value": "54.205.177.89",
      "type": "string"
    },
    "tls_private_key": {
      "value": "-----BEGIN RSA PRIVATE KEY-----\nMIIEpAIBAAKCAQEAxLcPz0hkKx9TOJNSRbCzEGGGCpMX7b/5zCrZomhVWb84BDw1\nAoHnaCEarX+8a5o0Texhzc5zO3q5gzO+yP5ZCMlXQaHRTc+lND6fOOz/aj+OeBtm\naHKVbh9GJ2v8yZzp/iJCYziyKF8OEkKb8+0sSR/+7eWzZG+MqUniOrKADIfVx5Ko\nuayoYIa8MAuaMZtxajbu3kZRQpiFLwetP0tljTEKJ2uHw0SF9AVuq8w3Sgygwoop\n0t9mwbqg35etviBtc8e46GyxCqTa9uQY7eqs2UVRTiW18eyG7CIfZoJhetF3wf5O\n+02HStW0LhSLICmEOfFPkpee0cW7Ui7vWSv51QIDAQABAoIBAQCCfCuwg4RuVkkN\nritUrvEYXJhdS1UED+PS2lmisTJsZbrylD1VfHXTTKI1lBWYCqHHTpVRvzAQtEd6\nEEjtakoE2glXL892ndYn4aIcUJjcEWyfnw0/G0Kj2Xrfi3ITClLskC0ZQ/JpdSQQ\nWL65/wjxOJgRldx5MsVLRgcaiG0H4af3s1b+NCFBFo6Z2ph5UFMFjwmk9HR5e6os\nPBLnORfwEPrA/qR6ASDSTyNbpKpOdVoKUsn8MA0Ks0oLelJB2Kk9KoO8u6ufLXB9\n+8Fg80VNxkK1KC1D1oC9i8IyxgSWFsZ/JOoi0hZaxLueYV91YZiIk5Ms+Sd2mlPb\nnxgRSr3BAoGBAPLgCS899jfflpHJGbHO1z09NM7Faan95hEUV1LwVZCPIdtKtjBJ\nwmXGjhwoO0216wWrtk6jAun/n+a7WjOR0VxUC9hWim2RpyfLjH5nO7VKSDaG7Zr+\nIZuR5Y6IvKjPNl2M35VCYhMtTqTfWVGoAHBFBUgi9f4sK6X4YHF64/tHAoGBAM9Y\ncSxOg9h+WSFavHhtdLPPt4Gv6Qj8/l/k8h/fJJIiqLNTd2fpmVWs2pk1+XacJGHm\nCho6KqMLB6qaLgnKENC8fxlXwKvmhHBMh8EtJUXBnJ5uxnW2DiqlQfAiCNumQza4\nxkp+zql2mIwh/mrNPH/4DeEtysa2vVrZ7jj9c7gDAoGBANFPgprUK327k2fQh/RU\n7eo49Wm9eHKn/b56aUdxGEydDfCPUrQK3R4ZIB/kDDfMr98TPOpIUhqX0pZmoDYR\nVPzc8dhfvKzw+b2yDkJhdXOnsNRNNDh/CzenZM6RyQUyjwfQgF+B9kPQqBYu5isZ\nPkeDNCoW9yk1p+hBRdyGrDPBAoGAHNaFLw9ggQzZoqz3B5zZnWSndi8cLzbYvkee\ncVZcxMJzSjWyps4zmFnpMWPzZU7ENKWFBC7Q3Upcb5rwCkaDXjTJTKIK1x3Bj8jl\nHLYFuBT8joCDs711bPL9H8PsDXirYoICejv2zFUFVIAp3XrcDkRW0dnHmSmzXl5v\nJpgBrzcCgYBMZJjwlLZU0wmjBGJaFdsFfEvez96k0e7C1FFohzTHU/SC4ucgr5iy\nY8AM6VEOT3SOU12U3xp4yQVSFPvwFfr2IosBgx0GHpM6YptyYfakvTVFDImBmdgO\n4md4pS/5/C+FYzgNBgf3mWDG37iSVmlgl+JGmP8hWS+Yk4vyIePOHg==\n-----END RSA PRIVATE KEY-----\n",
      "type": "string",
      "sensitive": true
    }
  },
  "resources": [
    {
      "module": "module.ec2",
      "mode": "data",
      "type": "terraform_remote_state",
      "name": "eip",
      "provider": "provider[\"terraform.io/builtin/terraform\"]",
      "instances": [
        {
          "schema_version": 0,
          "attributes": {
            "backend": "local",
            "config": {
              "value": {
                "path": "../../../Enviorments/staging/eip/state.tfstate"
              },
              "type": [
                "object",
                {
                  "path": "string"
                }
              ]
            },
            "defaults": null,
            "outputs": {
              "value": {
                "elastic_ip": "eipalloc-006e5aaa108234951"
              },
              "type": [
                "object",
                {
                  "elastic_ip": "string"
                }
              ]
            },
            "workspace": null
          },
          "sensitive_attributes": []
        }
      ]
    },
    {
      "module": "module.ec2",
      "mode": "data",
      "type": "terraform_remote_state",
      "name": "rds",
      "provider": "provider[\"terraform.io/builtin/terraform\"]",
      "instances": [
        {
          "schema_version": 0,
          "attributes": {
            "backend": "local",
            "config": {
              "value": {
                "path": "../../../Enviorments/staging/rds/state.tfstate"
              },
              "type": [
                "object",
                {
                  "path": "string"
                }
              ]
            },
            "defaults": null,
            "outputs": {
              "value": {
                "aws_db_password": "MarsRover#9899",
                "database_endpoint": "example-rds-instance.c7k6zus1cn0g.us-east-1.rds.amazonaws.com:5432",
                "rds_username": "postgres"
              },
              "type": [
                "object",
                {
                  "aws_db_password": "string",
                  "database_endpoint": "string",
                  "rds_username": "string"
                }
              ]
            },
            "workspace": null
          },
          "sensitive_attributes": []
        }
      ]
    },
    {
      "module": "module.ec2",
      "mode": "data",
      "type": "terraform_remote_state",
      "name": "security",
      "provider": "provider[\"terraform.io/builtin/terraform\"]",
      "instances": [
        {
          "schema_version": 0,
          "attributes": {
            "backend": "local",
            "config": {
              "value": {
                "path": "../../../Enviorments/staging/security/state.tfstate"
              },
              "type": [
                "object",
                {
                  "path": "string"
                }
              ]
            },
            "defaults": null,
            "outputs": {
              "value": {
                "aws_db_subnet_group_name": "example-db-subnet-group",
                "aws_security_group_id": "sg-04e0d6735f4444a60",
                "aws_subnet_id": "subnet-0aeb07fb7869026d8"
              },
              "type": [
                "object",
                {
                  "aws_db_subnet_group_name": "string",
                  "aws_security_group_id": "string",
                  "aws_subnet_id": "string"
                }
              ]
            },
            "workspace": null
          },
          "sensitive_attributes": []
        }
      ]
    },
    {
      "module": "module.ec2",
      "mode": "managed",
      "type": "aws_eip_association",
      "name": "example",
      "provider": "provider[\"registry.terraform.io/hashicorp/aws\"]",
      "instances": [
        {
          "schema_version": 0,
          "attributes": {
            "allocation_id": "eipalloc-006e5aaa108234951",
            "allow_reassociation": null,
            "id": "eipassoc-0897b566c100d2e73",
            "instance_id": "i-014a417e7d4d157c3",
            "network_interface_id": "eni-0047d93db7eca72f2",
            "private_ip_address": "10.0.1.195",
            "public_ip": "54.205.177.89"
          },
          "sensitive_attributes": [],
          "private": "bnVsbA==",
          "dependencies": [
            "module.ec2.aws_instance.example",
            "module.ec2.aws_key_pair.streaky12062001",
            "module.ec2.data.terraform_remote_state.eip",
            "module.ec2.data.terraform_remote_state.rds",
            "module.ec2.data.terraform_remote_state.security",
            "module.ec2.tls_private_key.example"
          ]
        }
      ]
    },
    {
      "module": "module.ec2",
      "mode": "managed",
      "type": "aws_instance",
      "name": "example",
      "provider": "provider[\"registry.terraform.io/hashicorp/aws\"]",
      "instances": [
        {
          "schema_version": 1,
          "attributes": {
            "ami": "ami-007855ac798b5175e",
            "arn": "arn:aws:ec2:us-east-1:146025507031:instance/i-014a417e7d4d157c3",
            "associate_public_ip_address": true,
            "availability_zone": "us-east-1a",
            "capacity_reservation_specification": [
              {
                "capacity_reservation_preference": "open",
                "capacity_reservation_target": []
              }
            ],
            "cpu_core_count": 2,
            "cpu_options": [
              {
                "amd_sev_snp": "",
                "core_count": 2,
                "threads_per_core": 1
              }
            ],
            "cpu_threads_per_core": 1,
            "credit_specification": [
              {
                "cpu_credits": "standard"
              }
            ],
            "disable_api_stop": false,
            "disable_api_termination": false,
            "ebs_block_device": [
              {
                "delete_on_termination": true,
                "device_name": "/dev/sdf",
                "encrypted": false,
                "iops": 100,
                "kms_key_id": "",
                "snapshot_id": "",
                "tags": {},
                "throughput": 0,
                "volume_id": "vol-0a99f52518994f871",
                "volume_size": 20,
                "volume_type": "gp2"
              }
            ],
            "ebs_optimized": false,
            "enclave_options": [
              {
                "enabled": false
              }
            ],
            "ephemeral_block_device": [],
            "get_password_data": false,
            "hibernation": false,
            "host_id": "",
            "host_resource_group_arn": null,
            "iam_instance_profile": "",
            "id": "i-014a417e7d4d157c3",
            "instance_initiated_shutdown_behavior": "stop",
            "instance_state": "running",
            "instance_type": "t2.medium",
            "ipv6_address_count": 0,
            "ipv6_addresses": [],
            "key_name": "streaky11122",
            "launch_template": [],
            "maintenance_options": [
              {
                "auto_recovery": "default"
              }
            ],
            "metadata_options": [
              {
                "http_endpoint": "enabled",
                "http_put_response_hop_limit": 1,
                "http_tokens": "optional",
                "instance_metadata_tags": "disabled"
              }
            ],
            "monitoring": false,
            "network_interface": [],
            "outpost_arn": "",
            "password_data": "",
            "placement_group": "",
            "placement_partition_number": 0,
            "primary_network_interface_id": "eni-0047d93db7eca72f2",
            "private_dns": "ip-10-0-1-195.ec2.internal",
            "private_dns_name_options": [
              {
                "enable_resource_name_dns_a_record": false,
                "enable_resource_name_dns_aaaa_record": false,
                "hostname_type": "ip-name"
              }
            ],
            "private_ip": "10.0.1.195",
            "public_dns": "ec2-54-205-177-89.compute-1.amazonaws.com",
            "public_ip": "54.205.177.89",
            "root_block_device": [
              {
                "delete_on_termination": true,
                "device_name": "/dev/sda1",
                "encrypted": false,
                "iops": 100,
                "kms_key_id": "",
                "tags": {},
                "throughput": 0,
                "volume_id": "vol-050355eedb51de05d",
                "volume_size": 8,
                "volume_type": "gp2"
              }
            ],
            "secondary_private_ips": [],
            "security_groups": [],
            "source_dest_check": true,
            "subnet_id": "subnet-0aeb07fb7869026d8",
            "tags": {
              "Name": "example-instance"
            },
            "tags_all": {
              "Name": "example-instance"
            },
            "tenancy": "default",
            "timeouts": null,
            "user_data": null,
            "user_data_base64": null,
            "user_data_replace_on_change": false,
            "volume_tags": null,
            "vpc_security_group_ids": [
              "sg-04e0d6735f4444a60"
            ]
          },
          "sensitive_attributes": [],
          "private": "eyJlMmJmYjczMC1lY2FhLTExZTYtOGY4OC0zNDM2M2JjN2M0YzAiOnsiY3JlYXRlIjo2MDAwMDAwMDAwMDAsImRlbGV0ZSI6MTIwMDAwMDAwMDAwMCwidXBkYXRlIjo2MDAwMDAwMDAwMDB9LCJzY2hlbWFfdmVyc2lvbiI6IjEifQ==",
          "dependencies": [
            "module.ec2.aws_key_pair.streaky12062001",
            "module.ec2.data.terraform_remote_state.rds",
            "module.ec2.data.terraform_remote_state.security",
            "module.ec2.tls_private_key.example"
          ]
        }
      ]
    },
    {
      "module": "module.ec2",
      "mode": "managed",
      "type": "aws_key_pair",
      "name": "streaky12062001",
      "provider": "provider[\"registry.terraform.io/hashicorp/aws\"]",
      "instances": [
        {
          "schema_version": 1,
          "attributes": {
            "arn": "arn:aws:ec2:us-east-1:146025507031:key-pair/streaky11122",
            "fingerprint": "62:36:9f:47:16:3a:78:77:91:c4:e4:70:a6:b3:40:29",
            "id": "streaky11122",
            "key_name": "streaky11122",
            "key_name_prefix": "",
            "key_pair_id": "key-0f7ccd6a63570b0dd",
            "key_type": "rsa",
            "public_key": "ssh-rsa AAAAB3NzaC1yc2EAAAADAQABAAABAQDEtw/PSGQrH1M4k1JFsLMQYYYKkxftv/nMKtmiaFVZvzgEPDUCgedoIRqtf7xrmjRN7GHNznM7ermDM77I/lkIyVdBodFNz6U0Pp847P9qP454G2ZocpVuH0Yna/zJnOn+IkJjOLIoXw4SQpvz7SxJH/7t5bNkb4ypSeI6soAMh9XHkqi5rKhghrwwC5oxm3FqNu7eRlFCmIUvB60/S2WNMQona4fDRIX0BW6rzDdKDKDCiinS32bBuqDfl62+IG1zx7jobLEKpNr25Bjt6qzZRVFOJbXx7IbsIh9mgmF60XfB/k77TYdK1bQuFIsgKYQ58U+Sl57RxbtSLu9ZK/nV",
            "tags": {},
            "tags_all": {}
          },
          "sensitive_attributes": [],
          "private": "eyJzY2hlbWFfdmVyc2lvbiI6IjEifQ==",
          "dependencies": [
            "module.ec2.tls_private_key.example"
          ]
        }
      ]
    },
    {
      "module": "module.ec2",
      "mode": "managed",
      "type": "tls_private_key",
      "name": "example",
      "provider": "provider[\"registry.terraform.io/hashicorp/tls\"]",
      "instances": [
        {
          "schema_version": 1,
          "attributes": {
            "algorithm": "RSA",
            "ecdsa_curve": "P224",
            "id": "73ba39f1b8f32c6af75640962d8258a1ccd26b2f",
            "private_key_openssh": "-----BEGIN OPENSSH PRIVATE KEY-----\nb3BlbnNzaC1rZXktdjEAAAAABG5vbmUAAAAEbm9uZQAAAAAAAAABAAABFwAAAAdz\nc2gtcnNhAAAAAwEAAQAAAQEAxLcPz0hkKx9TOJNSRbCzEGGGCpMX7b/5zCrZomhV\nWb84BDw1AoHnaCEarX+8a5o0Texhzc5zO3q5gzO+yP5ZCMlXQaHRTc+lND6fOOz/\naj+OeBtmaHKVbh9GJ2v8yZzp/iJCYziyKF8OEkKb8+0sSR/+7eWzZG+MqUniOrKA\nDIfVx5KouayoYIa8MAuaMZtxajbu3kZRQpiFLwetP0tljTEKJ2uHw0SF9AVuq8w3\nSgygwoop0t9mwbqg35etviBtc8e46GyxCqTa9uQY7eqs2UVRTiW18eyG7CIfZoJh\netF3wf5O+02HStW0LhSLICmEOfFPkpee0cW7Ui7vWSv51QAAA7g2RYS3NkWEtwAA\nAAdzc2gtcnNhAAABAQDEtw/PSGQrH1M4k1JFsLMQYYYKkxftv/nMKtmiaFVZvzgE\nPDUCgedoIRqtf7xrmjRN7GHNznM7ermDM77I/lkIyVdBodFNz6U0Pp847P9qP454\nG2ZocpVuH0Yna/zJnOn+IkJjOLIoXw4SQpvz7SxJH/7t5bNkb4ypSeI6soAMh9XH\nkqi5rKhghrwwC5oxm3FqNu7eRlFCmIUvB60/S2WNMQona4fDRIX0BW6rzDdKDKDC\niinS32bBuqDfl62+IG1zx7jobLEKpNr25Bjt6qzZRVFOJbXx7IbsIh9mgmF60XfB\n/k77TYdK1bQuFIsgKYQ58U+Sl57RxbtSLu9ZK/nVAAAAAwEAAQAAAQEAgnwrsIOE\nblZJDa4rVK7xGFyYXUtVBA/j0tpZorEybGW68pQ9VXx100yiNZQVmAqhx06VUb8w\nELRHehBI7WpKBNoJVy/Pdp3WJ+GiHFCY3BFsn58NPxtCo9l634tyEwpS7JAtGUPy\naXUkEFi+uf8I8TiYEZXceTLFS0YHGohtB+Gn97NW/jQhQRaOmdqYeVBTBY8JpPR0\neXuqLDwS5zkX8BD6wP6kegEg0k8jW6SqTnVaClLJ/DANCrNKC3pSQdipPSqDvLur\nny1wffvBYPNFTcZCtSgtQ9aAvYvCMsYElhbGfyTqItIWWsS7nmFfdWGYiJOTLPkn\ndppT258YEUq9wQAAAIBMZJjwlLZU0wmjBGJaFdsFfEvez96k0e7C1FFohzTHU/SC\n4ucgr5iyY8AM6VEOT3SOU12U3xp4yQVSFPvwFfr2IosBgx0GHpM6YptyYfakvTVF\nDImBmdgO4md4pS/5/C+FYzgNBgf3mWDG37iSVmlgl+JGmP8hWS+Yk4vyIePOHgAA\nAIEA8uAJLz32N9+WkckZsc7XPT00zsVpqf3mERRXUvBVkI8h20q2MEnCZcaOHCg7\nTbXrBau2TqMC6f+f5rtaM5HRXFQL2FaKbZGnJ8uMfmc7tUpINobtmv4hm5Hljoi8\nqM82XYzflUJiEy1OpN9ZUagAcEUFSCL1/iwrpfhgcXrj+0cAAACBAM9YcSxOg9h+\nWSFavHhtdLPPt4Gv6Qj8/l/k8h/fJJIiqLNTd2fpmVWs2pk1+XacJGHmCho6KqML\nB6qaLgnKENC8fxlXwKvmhHBMh8EtJUXBnJ5uxnW2DiqlQfAiCNumQza4xkp+zql2\nmIwh/mrNPH/4DeEtysa2vVrZ7jj9c7gDAAAAAAEC\n-----END OPENSSH PRIVATE KEY-----\n",
            "private_key_pem": "-----BEGIN RSA PRIVATE KEY-----\nMIIEpAIBAAKCAQEAxLcPz0hkKx9TOJNSRbCzEGGGCpMX7b/5zCrZomhVWb84BDw1\nAoHnaCEarX+8a5o0Texhzc5zO3q5gzO+yP5ZCMlXQaHRTc+lND6fOOz/aj+OeBtm\naHKVbh9GJ2v8yZzp/iJCYziyKF8OEkKb8+0sSR/+7eWzZG+MqUniOrKADIfVx5Ko\nuayoYIa8MAuaMZtxajbu3kZRQpiFLwetP0tljTEKJ2uHw0SF9AVuq8w3Sgygwoop\n0t9mwbqg35etviBtc8e46GyxCqTa9uQY7eqs2UVRTiW18eyG7CIfZoJhetF3wf5O\n+02HStW0LhSLICmEOfFPkpee0cW7Ui7vWSv51QIDAQABAoIBAQCCfCuwg4RuVkkN\nritUrvEYXJhdS1UED+PS2lmisTJsZbrylD1VfHXTTKI1lBWYCqHHTpVRvzAQtEd6\nEEjtakoE2glXL892ndYn4aIcUJjcEWyfnw0/G0Kj2Xrfi3ITClLskC0ZQ/JpdSQQ\nWL65/wjxOJgRldx5MsVLRgcaiG0H4af3s1b+NCFBFo6Z2ph5UFMFjwmk9HR5e6os\nPBLnORfwEPrA/qR6ASDSTyNbpKpOdVoKUsn8MA0Ks0oLelJB2Kk9KoO8u6ufLXB9\n+8Fg80VNxkK1KC1D1oC9i8IyxgSWFsZ/JOoi0hZaxLueYV91YZiIk5Ms+Sd2mlPb\nnxgRSr3BAoGBAPLgCS899jfflpHJGbHO1z09NM7Faan95hEUV1LwVZCPIdtKtjBJ\nwmXGjhwoO0216wWrtk6jAun/n+a7WjOR0VxUC9hWim2RpyfLjH5nO7VKSDaG7Zr+\nIZuR5Y6IvKjPNl2M35VCYhMtTqTfWVGoAHBFBUgi9f4sK6X4YHF64/tHAoGBAM9Y\ncSxOg9h+WSFavHhtdLPPt4Gv6Qj8/l/k8h/fJJIiqLNTd2fpmVWs2pk1+XacJGHm\nCho6KqMLB6qaLgnKENC8fxlXwKvmhHBMh8EtJUXBnJ5uxnW2DiqlQfAiCNumQza4\nxkp+zql2mIwh/mrNPH/4DeEtysa2vVrZ7jj9c7gDAoGBANFPgprUK327k2fQh/RU\n7eo49Wm9eHKn/b56aUdxGEydDfCPUrQK3R4ZIB/kDDfMr98TPOpIUhqX0pZmoDYR\nVPzc8dhfvKzw+b2yDkJhdXOnsNRNNDh/CzenZM6RyQUyjwfQgF+B9kPQqBYu5isZ\nPkeDNCoW9yk1p+hBRdyGrDPBAoGAHNaFLw9ggQzZoqz3B5zZnWSndi8cLzbYvkee\ncVZcxMJzSjWyps4zmFnpMWPzZU7ENKWFBC7Q3Upcb5rwCkaDXjTJTKIK1x3Bj8jl\nHLYFuBT8joCDs711bPL9H8PsDXirYoICejv2zFUFVIAp3XrcDkRW0dnHmSmzXl5v\nJpgBrzcCgYBMZJjwlLZU0wmjBGJaFdsFfEvez96k0e7C1FFohzTHU/SC4ucgr5iy\nY8AM6VEOT3SOU12U3xp4yQVSFPvwFfr2IosBgx0GHpM6YptyYfakvTVFDImBmdgO\n4md4pS/5/C+FYzgNBgf3mWDG37iSVmlgl+JGmP8hWS+Yk4vyIePOHg==\n-----END RSA PRIVATE KEY-----\n",
            "private_key_pem_pkcs8": "-----BEGIN PRIVATE KEY-----\nMIIEvgIBADANBgkqhkiG9w0BAQEFAASCBKgwggSkAgEAAoIBAQDEtw/PSGQrH1M4\nk1JFsLMQYYYKkxftv/nMKtmiaFVZvzgEPDUCgedoIRqtf7xrmjRN7GHNznM7ermD\nM77I/lkIyVdBodFNz6U0Pp847P9qP454G2ZocpVuH0Yna/zJnOn+IkJjOLIoXw4S\nQpvz7SxJH/7t5bNkb4ypSeI6soAMh9XHkqi5rKhghrwwC5oxm3FqNu7eRlFCmIUv\nB60/S2WNMQona4fDRIX0BW6rzDdKDKDCiinS32bBuqDfl62+IG1zx7jobLEKpNr2\n5Bjt6qzZRVFOJbXx7IbsIh9mgmF60XfB/k77TYdK1bQuFIsgKYQ58U+Sl57RxbtS\nLu9ZK/nVAgMBAAECggEBAIJ8K7CDhG5WSQ2uK1Su8RhcmF1LVQQP49LaWaKxMmxl\nuvKUPVV8ddNMojWUFZgKocdOlVG/MBC0R3oQSO1qSgTaCVcvz3ad1ifhohxQmNwR\nbJ+fDT8bQqPZet+LchMKUuyQLRlD8ml1JBBYvrn/CPE4mBGV3HkyxUtGBxqIbQfh\np/ezVv40IUEWjpnamHlQUwWPCaT0dHl7qiw8Euc5F/AQ+sD+pHoBINJPI1ukqk51\nWgpSyfwwDQqzSgt6UkHYqT0qg7y7q58tcH37wWDzRU3GQrUoLUPWgL2LwjLGBJYW\nxn8k6iLSFlrEu55hX3VhmIiTkyz5J3aaU9ufGBFKvcECgYEA8uAJLz32N9+WkckZ\nsc7XPT00zsVpqf3mERRXUvBVkI8h20q2MEnCZcaOHCg7TbXrBau2TqMC6f+f5rta\nM5HRXFQL2FaKbZGnJ8uMfmc7tUpINobtmv4hm5Hljoi8qM82XYzflUJiEy1OpN9Z\nUagAcEUFSCL1/iwrpfhgcXrj+0cCgYEAz1hxLE6D2H5ZIVq8eG10s8+3ga/pCPz+\nX+TyH98kkiKos1N3Z+mZVazamTX5dpwkYeYKGjoqowsHqpouCcoQ0Lx/GVfAq+aE\ncEyHwS0lRcGcnm7GdbYOKqVB8CII26ZDNrjGSn7OqXaYjCH+as08f/gN4S3Kxra9\nWtnuOP1zuAMCgYEA0U+CmtQrfbuTZ9CH9FTt6jj1ab14cqf9vnppR3EYTJ0N8I9S\ntArdHhkgH+QMN8yv3xM86khSGpfSlmagNhFU/Nzx2F+8rPD5vbIOQmF1c6ew1E00\nOH8LN6dkzpHJBTKPB9CAX4H2Q9CoFi7mKxk+R4M0Khb3KTWn6EFF3IasM8ECgYAc\n1oUvD2CBDNmirPcHnNmdZKd2LxwvNti+R55xVlzEwnNKNbKmzjOYWekxY/NlTsQ0\npYUELtDdSlxvmvAKRoNeNMlMogrXHcGPyOUctgW4FPyOgIOzvXVs8v0fw+wNeKti\nggJ6O/bMVQVUgCndetwORFbR2ceZKbNeXm8mmAGvNwKBgExkmPCUtlTTCaMEYloV\n2wV8S97P3qTR7sLUUWiHNMdT9ILi5yCvmLJjwAzpUQ5PdI5TXZTfGnjJBVIU+/AV\n+vYiiwGDHQYekzpim3Jh9qS9NUUMiYGZ2A7iZ3ilL/n8L4VjOA0GB/eZYMbfuJJW\naWCX4kaY/yFZL5iTi/Ih484e\n-----END PRIVATE KEY-----\n",
            "public_key_fingerprint_md5": "d9:e6:3d:8c:0f:d0:9e:4c:4a:51:f1:94:b2:07:4e:9f",
            "public_key_fingerprint_sha256": "SHA256:IpZugNb/UqgS2sbquKutOF8CGFVGRATzGjVM1K1R6nQ",
            "public_key_openssh": "ssh-rsa AAAAB3NzaC1yc2EAAAADAQABAAABAQDEtw/PSGQrH1M4k1JFsLMQYYYKkxftv/nMKtmiaFVZvzgEPDUCgedoIRqtf7xrmjRN7GHNznM7ermDM77I/lkIyVdBodFNz6U0Pp847P9qP454G2ZocpVuH0Yna/zJnOn+IkJjOLIoXw4SQpvz7SxJH/7t5bNkb4ypSeI6soAMh9XHkqi5rKhghrwwC5oxm3FqNu7eRlFCmIUvB60/S2WNMQona4fDRIX0BW6rzDdKDKDCiinS32bBuqDfl62+IG1zx7jobLEKpNr25Bjt6qzZRVFOJbXx7IbsIh9mgmF60XfB/k77TYdK1bQuFIsgKYQ58U+Sl57RxbtSLu9ZK/nV\n",
            "public_key_pem": "-----BEGIN PUBLIC KEY-----\nMIIBIjANBgkqhkiG9w0BAQEFAAOCAQ8AMIIBCgKCAQEAxLcPz0hkKx9TOJNSRbCz\nEGGGCpMX7b/5zCrZomhVWb84BDw1AoHnaCEarX+8a5o0Texhzc5zO3q5gzO+yP5Z\nCMlXQaHRTc+lND6fOOz/aj+OeBtmaHKVbh9GJ2v8yZzp/iJCYziyKF8OEkKb8+0s\nSR/+7eWzZG+MqUniOrKADIfVx5KouayoYIa8MAuaMZtxajbu3kZRQpiFLwetP0tl\njTEKJ2uHw0SF9AVuq8w3Sgygwoop0t9mwbqg35etviBtc8e46GyxCqTa9uQY7eqs\n2UVRTiW18eyG7CIfZoJhetF3wf5O+02HStW0LhSLICmEOfFPkpee0cW7Ui7vWSv5\n1QIDAQAB\n-----END PUBLIC KEY-----\n",
            "rsa_bits": 2048
          },
          "sensitive_attributes": []
        }
      ]
    }
  ],
  "check_results": null
}
